
Microsoft Visual Studio Solution File, Format Version 12.00
# Visual Studio 14
VisualStudioVersion = 14.0.25029.0
MinimumVisualStudioVersion = 10.0.40219.1
Project("{FAE04EC0-301F-11D3-BF4B-00C04F79EFBC}") = "Glass.Basics", "Glass.Basics\Glass.Basics.csproj", "{76C3D50B-CA51-480F-8FCD-40F0EA98F4C6}"
EndProject
Project("{FAE04EC0-301F-11D3-BF4B-00C04F79EFBC}") = "Glass.Basics.Cinch", "Glass.Basics.Cinch\Glass.Basics.Cinch.csproj", "{C4FCEF8E-AFEB-4B3E-887B-EA261C589119}"
EndProject
Project("{FAE04EC0-301F-11D3-BF4B-00C04F79EFBC}") = "Glass.Xceed.Wpf.Toolkit", "Glass.Basics.ExtendedWPFTookit\Glass.Xceed.Wpf.Toolkit.csproj", "{31D49F74-FA4D-457F-9BBE-0AC1717C52D4}"
EndProject
Project("{FAE04EC0-301F-11D3-BF4B-00C04F79EFBC}") = "Glass.Design", "Glass.Design\Glass.Design.csproj", "{4946722F-CFFF-4FC6-B1C1-A6107316A58C}"
EndProject
Project("{FAE04EC0-301F-11D3-BF4B-00C04F79EFBC}") = "Glass.LeadTools.ImagingExtensions", "Glass.LeadTools.ImagingExtensions\Glass.LeadTools.ImagingExtensions.csproj", "{19640712-AA2A-42EC-9402-58857979F05E}"
EndProject
Project("{FAE04EC0-301F-11D3-BF4B-00C04F79EFBC}") = "Glass.LeadTools.Recognition", "Glass.LeadTools.Recognition\Glass.LeadTools.Recognition.csproj", "{4BDCF46B-29D8-4844-AB49-B17A65FD8C2C}"
EndProject
Project("{FAE04EC0-301F-11D3-BF4B-00C04F79EFBC}") = "Glass.Imaging.Tests", "Glass.Imaging.Tests\Glass.Imaging.Tests.csproj", "{A7FC6BC9-D691-413A-B839-9D1EC30AE7E1}"
EndProject
Project("{FAE04EC0-301F-11D3-BF4B-00C04F79EFBC}") = "Glass.Imaging.Recognition.Tests", "Glass.LeadTools.Recognition.Tests\Glass.Imaging.Recognition.Tests.csproj", "{D017BD3C-FC45-478D-927F-3C025BB480B0}"
EndProject
Project("{FAE04EC0-301F-11D3-BF4B-00C04F79EFBC}") = "Glass.Imaging", "Glass.Imaging\Glass.Imaging.csproj", "{65101C83-A00B-4D3E-9EC0-06BA7F35B746}"
EndProject
Project("{FAE04EC0-301F-11D3-BF4B-00C04F79EFBC}") = "Glass.Imaging.FullFx", "Glass.Imaging.FullFx\Glass.Imaging.FullFx.csproj", "{C260C85C-42E2-4113-8417-5BA69157FFF2}"
EndProject
Project("{FAE04EC0-301F-11D3-BF4B-00C04F79EFBC}") = "Glass.Ocr.Tesseract", "Glass.Ocr.Tesseract\Glass.Ocr.Tesseract.csproj", "{9A0D9305-8B20-41E6-97C7-CF1B8070F6C9}"
EndProject
Project("{FAE04EC0-301F-11D3-BF4B-00C04F79EFBC}") = "Glass.Barcodes.MessagingToolkit", "Glass.Barcodes.MessagingToolkit\Glass.Barcodes.MessagingToolkit.csproj", "{A4380789-8C29-4E64-B42D-5872908C446C}"
EndProject
Project("{2150E333-8FDC-42A3-9474-1A3956D46DE8}") = "Tests", "Tests", "{17A2B060-30CC-4DC0-92B1-68826521F380}"
EndProject
Global
	GlobalSection(SolutionConfigurationPlatforms) = preSolution
		Debug|Any CPU = Debug|Any CPU
		Debug|x86 = Debug|x86
		Release|Any CPU = Release|Any CPU
		Release|x86 = Release|x86
	EndGlobalSection
	GlobalSection(ProjectConfigurationPlatforms) = postSolution
		{76C3D50B-CA51-480F-8FCD-40F0EA98F4C6}.Debug|Any CPU.ActiveCfg = Debug|Any CPU
		{76C3D50B-CA51-480F-8FCD-40F0EA98F4C6}.Debug|Any CPU.Build.0 = Debug|Any CPU
		{76C3D50B-CA51-480F-8FCD-40F0EA98F4C6}.Debug|x86.ActiveCfg = Debug|x86
		{76C3D50B-CA51-480F-8FCD-40F0EA98F4C6}.Debug|x86.Build.0 = Debug|x86
		{76C3D50B-CA51-480F-8FCD-40F0EA98F4C6}.Release|Any CPU.ActiveCfg = Release|Any CPU
		{76C3D50B-CA51-480F-8FCD-40F0EA98F4C6}.Release|Any CPU.Build.0 = Release|Any CPU
		{76C3D50B-CA51-480F-8FCD-40F0EA98F4C6}.Release|x86.ActiveCfg = Release|x86
		{76C3D50B-CA51-480F-8FCD-40F0EA98F4C6}.Release|x86.Build.0 = Release|x86
		{C4FCEF8E-AFEB-4B3E-887B-EA261C589119}.Debug|Any CPU.ActiveCfg = Debug|Any CPU
		{C4FCEF8E-AFEB-4B3E-887B-EA261C589119}.Debug|Any CPU.Build.0 = Debug|Any CPU
		{C4FCEF8E-AFEB-4B3E-887B-EA261C589119}.Debug|x86.ActiveCfg = Debug|x86
		{C4FCEF8E-AFEB-4B3E-887B-EA261C589119}.Debug|x86.Build.0 = Debug|x86
		{C4FCEF8E-AFEB-4B3E-887B-EA261C589119}.Release|Any CPU.ActiveCfg = Release|Any CPU
		{C4FCEF8E-AFEB-4B3E-887B-EA261C589119}.Release|Any CPU.Build.0 = Release|Any CPU
		{C4FCEF8E-AFEB-4B3E-887B-EA261C589119}.Release|x86.ActiveCfg = Release|x86
		{C4FCEF8E-AFEB-4B3E-887B-EA261C589119}.Release|x86.Build.0 = Release|x86
		{31D49F74-FA4D-457F-9BBE-0AC1717C52D4}.Debug|Any CPU.ActiveCfg = Debug|Any CPU
		{31D49F74-FA4D-457F-9BBE-0AC1717C52D4}.Debug|Any CPU.Build.0 = Debug|Any CPU
		{31D49F74-FA4D-457F-9BBE-0AC1717C52D4}.Debug|x86.ActiveCfg = Debug|Any CPU
		{31D49F74-FA4D-457F-9BBE-0AC1717C52D4}.Debug|x86.Build.0 = Debug|Any CPU
		{31D49F74-FA4D-457F-9BBE-0AC1717C52D4}.Release|Any CPU.ActiveCfg = Release|Any CPU
		{31D49F74-FA4D-457F-9BBE-0AC1717C52D4}.Release|Any CPU.Build.0 = Release|Any CPU
		{31D49F74-FA4D-457F-9BBE-0AC1717C52D4}.Release|x86.ActiveCfg = Release|Any CPU
		{31D49F74-FA4D-457F-9BBE-0AC1717C52D4}.Release|x86.Build.0 = Release|Any CPU
		{4946722F-CFFF-4FC6-B1C1-A6107316A58C}.Debug|Any CPU.ActiveCfg = Debug|Any CPU
		{4946722F-CFFF-4FC6-B1C1-A6107316A58C}.Debug|Any CPU.Build.0 = Debug|Any CPU
		{4946722F-CFFF-4FC6-B1C1-A6107316A58C}.Debug|x86.ActiveCfg = Debug|x86
		{4946722F-CFFF-4FC6-B1C1-A6107316A58C}.Debug|x86.Build.0 = Debug|x86
		{4946722F-CFFF-4FC6-B1C1-A6107316A58C}.Release|Any CPU.ActiveCfg = Release|Any CPU
		{4946722F-CFFF-4FC6-B1C1-A6107316A58C}.Release|Any CPU.Build.0 = Release|Any CPU
		{4946722F-CFFF-4FC6-B1C1-A6107316A58C}.Release|x86.ActiveCfg = Release|x86
		{4946722F-CFFF-4FC6-B1C1-A6107316A58C}.Release|x86.Build.0 = Release|x86
		{19640712-AA2A-42EC-9402-58857979F05E}.Debug|Any CPU.ActiveCfg = Debug|Any CPU
		{19640712-AA2A-42EC-9402-58857979F05E}.Debug|Any CPU.Build.0 = Debug|Any CPU
		{19640712-AA2A-42EC-9402-58857979F05E}.Debug|x86.ActiveCfg = Debug|x86
		{19640712-AA2A-42EC-9402-58857979F05E}.Debug|x86.Build.0 = Debug|x86
		{19640712-AA2A-42EC-9402-58857979F05E}.Release|Any CPU.ActiveCfg = Release|Any CPU
		{19640712-AA2A-42EC-9402-58857979F05E}.Release|Any CPU.Build.0 = Release|Any CPU
		{19640712-AA2A-42EC-9402-58857979F05E}.Release|x86.ActiveCfg = Release|x86
		{19640712-AA2A-42EC-9402-58857979F05E}.Release|x86.Build.0 = Release|x86
		{4BDCF46B-29D8-4844-AB49-B17A65FD8C2C}.Debug|Any CPU.ActiveCfg = Debug|Any CPU
		{4BDCF46B-29D8-4844-AB49-B17A65FD8C2C}.Debug|Any CPU.Build.0 = Debug|Any CPU
		{4BDCF46B-29D8-4844-AB49-B17A65FD8C2C}.Debug|x86.ActiveCfg = Debug|x86
		{4BDCF46B-29D8-4844-AB49-B17A65FD8C2C}.Debug|x86.Build.0 = Debug|x86
		{4BDCF46B-29D8-4844-AB49-B17A65FD8C2C}.Release|Any CPU.ActiveCfg = Release|Any CPU
		{4BDCF46B-29D8-4844-AB49-B17A65FD8C2C}.Release|Any CPU.Build.0 = Release|Any CPU
		{4BDCF46B-29D8-4844-AB49-B17A65FD8C2C}.Release|x86.ActiveCfg = Release|x86
		{4BDCF46B-29D8-4844-AB49-B17A65FD8C2C}.Release|x86.Build.0 = Release|x86
		{A7FC6BC9-D691-413A-B839-9D1EC30AE7E1}.Debug|Any CPU.ActiveCfg = Debug|Any CPU
		{A7FC6BC9-D691-413A-B839-9D1EC30AE7E1}.Debug|Any CPU.Build.0 = Debug|Any CPU
		{A7FC6BC9-D691-413A-B839-9D1EC30AE7E1}.Debug|x86.ActiveCfg = Debug|Any CPU
		{A7FC6BC9-D691-413A-B839-9D1EC30AE7E1}.Debug|x86.Build.0 = Debug|Any CPU
		{A7FC6BC9-D691-413A-B839-9D1EC30AE7E1}.Release|Any CPU.ActiveCfg = Release|Any CPU
		{A7FC6BC9-D691-413A-B839-9D1EC30AE7E1}.Release|Any CPU.Build.0 = Release|Any CPU
		{A7FC6BC9-D691-413A-B839-9D1EC30AE7E1}.Release|x86.ActiveCfg = Release|Any CPU
		{A7FC6BC9-D691-413A-B839-9D1EC30AE7E1}.Release|x86.Build.0 = Release|Any CPU
		{D017BD3C-FC45-478D-927F-3C025BB480B0}.Debug|Any CPU.ActiveCfg = Debug|Any CPU
		{D017BD3C-FC45-478D-927F-3C025BB480B0}.Debug|Any CPU.Build.0 = Debug|Any CPU
		{D017BD3C-FC45-478D-927F-3C025BB480B0}.Debug|x86.ActiveCfg = Debug|x86
		{D017BD3C-FC45-478D-927F-3C025BB480B0}.Debug|x86.Build.0 = Debug|x86
		{D017BD3C-FC45-478D-927F-3C025BB480B0}.Release|Any CPU.ActiveCfg = Release|Any CPU
		{D017BD3C-FC45-478D-927F-3C025BB480B0}.Release|Any CPU.Build.0 = Release|Any CPU
		{D017BD3C-FC45-478D-927F-3C025BB480B0}.Release|x86.ActiveCfg = Release|x86
		{D017BD3C-FC45-478D-927F-3C025BB480B0}.Release|x86.Build.0 = Release|x86
		{65101C83-A00B-4D3E-9EC0-06BA7F35B746}.Debug|Any CPU.ActiveCfg = Debug|Any CPU
		{65101C83-A00B-4D3E-9EC0-06BA7F35B746}.Debug|Any CPU.Build.0 = Debug|Any CPU
		{65101C83-A00B-4D3E-9EC0-06BA7F35B746}.Debug|x86.ActiveCfg = Debug|Any CPU
		{65101C83-A00B-4D3E-9EC0-06BA7F35B746}.Debug|x86.Build.0 = Debug|Any CPU
		{65101C83-A00B-4D3E-9EC0-06BA7F35B746}.Release|Any CPU.ActiveCfg = Release|Any CPU
		{65101C83-A00B-4D3E-9EC0-06BA7F35B746}.Release|Any CPU.Build.0 = Release|Any CPU
		{65101C83-A00B-4D3E-9EC0-06BA7F35B746}.Release|x86.ActiveCfg = Release|Any CPU
		{65101C83-A00B-4D3E-9EC0-06BA7F35B746}.Release|x86.Build.0 = Release|Any CPU
		{C260C85C-42E2-4113-8417-5BA69157FFF2}.Debug|Any CPU.ActiveCfg = Debug|Any CPU
		{C260C85C-42E2-4113-8417-5BA69157FFF2}.Debug|Any CPU.Build.0 = Debug|Any CPU
		{C260C85C-42E2-4113-8417-5BA69157FFF2}.Debug|x86.ActiveCfg = Debug|Any CPU
		{C260C85C-42E2-4113-8417-5BA69157FFF2}.Debug|x86.Build.0 = Debug|Any CPU
		{C260C85C-42E2-4113-8417-5BA69157FFF2}.Release|Any CPU.ActiveCfg = Release|Any CPU
		{C260C85C-42E2-4113-8417-5BA69157FFF2}.Release|Any CPU.Build.0 = Release|Any CPU
		{C260C85C-42E2-4113-8417-5BA69157FFF2}.Release|x86.ActiveCfg = Release|Any CPU
		{C260C85C-42E2-4113-8417-5BA69157FFF2}.Release|x86.Build.0 = Release|Any CPU
		{9A0D9305-8B20-41E6-97C7-CF1B8070F6C9}.Debug|Any CPU.ActiveCfg = Debug|Any CPU
		{9A0D9305-8B20-41E6-97C7-CF1B8070F6C9}.Debug|Any CPU.Build.0 = Debug|Any CPU
		{9A0D9305-8B20-41E6-97C7-CF1B8070F6C9}.Debug|x86.ActiveCfg = Debug|Any CPU
		{9A0D9305-8B20-41E6-97C7-CF1B8070F6C9}.Debug|x86.Build.0 = Debug|Any CPU
		{9A0D9305-8B20-41E6-97C7-CF1B8070F6C9}.Release|Any CPU.ActiveCfg = Release|Any CPU
		{9A0D9305-8B20-41E6-97C7-CF1B8070F6C9}.Release|Any CPU.Build.0 = Release|Any CPU
		{9A0D9305-8B20-41E6-97C7-CF1B8070F6C9}.Release|x86.ActiveCfg = Release|Any CPU
		{9A0D9305-8B20-41E6-97C7-CF1B8070F6C9}.Release|x86.Build.0 = Release|Any CPU
		{A4380789-8C29-4E64-B42D-5872908C446C}.Debug|Any CPU.ActiveCfg = Debug|Any CPU
		{A4380789-8C29-4E64-B42D-5872908C446C}.Debug|Any CPU.Build.0 = Debug|Any CPU
		{A4380789-8C29-4E64-B42D-5872908C446C}.Debug|x86.ActiveCfg = Debug|Any CPU
		{A4380789-8C29-4E64-B42D-5872908C446C}.Debug|x86.Build.0 = Debug|Any CPU
		{A4380789-8C29-4E64-B42D-5872908C446C}.Release|Any CPU.ActiveCfg = Release|Any CPU
		{A4380789-8C29-4E64-B42D-5872908C446C}.Release|Any CPU.Build.0 = Release|Any CPU
		{A4380789-8C29-4E64-B42D-5872908C446C}.Release|x86.ActiveCfg = Release|Any CPU
		{A4380789-8C29-4E64-B42D-5872908C446C}.Release|x86.Build.0 = Release|Any CPU
	EndGlobalSection
	GlobalSection(SolutionProperties) = preSolution
		HideSolutionNode = FALSE
	EndGlobalSection
	GlobalSection(NestedProjects) = preSolution
		{A7FC6BC9-D691-413A-B839-9D1EC30AE7E1} = {17A2B060-30CC-4DC0-92B1-68826521F380}
		{D017BD3C-FC45-478D-927F-3C025BB480B0} = {17A2B060-30CC-4DC0-92B1-68826521F380}
	EndGlobalSection
EndGlobal
