
Microsoft Visual Studio Solution File, Format Version 12.00
# Visual Studio 2012
Project("{FAE04EC0-301F-11D3-BF4B-00C04F79EFBC}") = "Glass.Test", "Test\Glass.Test.csproj", "{4154A188-3FED-4758-BDC7-61D2FFE88ADD}"
EndProject
Project("{2150E333-8FDC-42A3-9474-1A3956D46DE8}") = ".nuget", ".nuget", "{D4B289DE-6DE2-45AE-8F45-2BAC8691FDF9}"
	ProjectSection(SolutionItems) = preProject
		.nuget\NuGet.Config = .nuget\NuGet.Config
		.nuget\NuGet.exe = .nuget\NuGet.exe
		.nuget\NuGet.targets = .nuget\NuGet.targets
	EndProjectSection
EndProject
Project("{FAE04EC0-301F-11D3-BF4B-00C04F79EFBC}") = "Glass.Basics", "Basics\Glass.Basics.csproj", "{76C3D50B-CA51-480F-8FCD-40F0EA98F4C6}"
EndProject
Global
	GlobalSection(TeamFoundationVersionControl) = preSolution
		SccNumberOfProjects = 3
		SccEnterpriseProvider = {4CA58AB2-18FA-4F8D-95D4-32DDF27D184C}
		SccTeamFoundationServer = https://tfs.codeplex.com/tfs/tfs22
		SccLocalPath0 = .
		SccProjectUniqueName1 = Test\\Glass.Test.csproj
		SccProjectName1 = Test
		SccLocalPath1 = Test
		SccProjectUniqueName2 = Basics\\Glass.Basics.csproj
		SccProjectName2 = Basics
		SccLocalPath2 = Basics
	EndGlobalSection
	GlobalSection(SolutionConfigurationPlatforms) = preSolution
		Debug|Any CPU = Debug|Any CPU
		Release|Any CPU = Release|Any CPU
	EndGlobalSection
	GlobalSection(ProjectConfigurationPlatforms) = postSolution
		{4154A188-3FED-4758-BDC7-61D2FFE88ADD}.Debug|Any CPU.ActiveCfg = Debug|Any CPU
		{4154A188-3FED-4758-BDC7-61D2FFE88ADD}.Debug|Any CPU.Build.0 = Debug|Any CPU
		{4154A188-3FED-4758-BDC7-61D2FFE88ADD}.Release|Any CPU.ActiveCfg = Release|Any CPU
		{4154A188-3FED-4758-BDC7-61D2FFE88ADD}.Release|Any CPU.Build.0 = Release|Any CPU
		{76C3D50B-CA51-480F-8FCD-40F0EA98F4C6}.Debug|Any CPU.ActiveCfg = Debug|Any CPU
		{76C3D50B-CA51-480F-8FCD-40F0EA98F4C6}.Debug|Any CPU.Build.0 = Debug|Any CPU
		{76C3D50B-CA51-480F-8FCD-40F0EA98F4C6}.Release|Any CPU.ActiveCfg = Release|Any CPU
		{76C3D50B-CA51-480F-8FCD-40F0EA98F4C6}.Release|Any CPU.Build.0 = Release|Any CPU
	EndGlobalSection
	GlobalSection(SolutionProperties) = preSolution
		HideSolutionNode = FALSE
	EndGlobalSection
EndGlobal
